# This file is automatically @generated by Poetry 2.1.3 and should not be changed by hand.

[[package]]
name = "argsense"
version = "1.0.1b0"
description = "New command line interface based on Rich library."
optional = false
python-versions = ">=3.8"
groups = ["main", "dev"]
files = [
    {file = "argsense-1.0.1b0-py3-none-any.whl", hash = "sha256:70012e9137444aa934293e4c4271a27794c520f2ba4a6bdde2cf9dceaa88afbe"},
]

[package.dependencies]
lk-logger = ">=6.0.5,<7.0.0"
rich = ">=13.9.0,<14.0.0"

[package.extras]
gui = ["pysimplegui"]

[package.source]
type = "legacy"
url = "http://47.102.108.149:2131"
reference = "likianta"

[[package]]
name = "jinja2"
version = "3.1.6"
description = "A very fast and expressive template engine."
optional = false
python-versions = ">=3.7"
groups = ["dev"]
files = [
    {file = "jinja2-3.1.6-py3-none-any.whl", hash = "sha256:85ece4451f492d0c13c5dd7c13a64681a86afae63a5f347908daf103ce6d2f67"},
    {file = "jinja2-3.1.6.tar.gz", hash = "sha256:0137fb05990d35f1275a587e9aee6d56da821fc83491a0fb838183be43f66d6d"},
]

[package.dependencies]
MarkupSafe = ">=2.0"

[package.extras]
i18n = ["Babel (>=2.7)"]

[package.source]
type = "legacy"
url = "https://pypi.tuna.tsinghua.edu.cn/simple"
reference = "tsinghua"

[[package]]
name = "lk-logger"
version = "6.0.5"
description = "Python print with source map and varnames."
optional = false
python-versions = ">=3.8,<4.0"
groups = ["main", "dev"]
files = [
    {file = "lk_logger-6.0.5-py3-none-any.whl", hash = "sha256:dac3432477ae4d58046c758d8cf4d4eedb0c75135a6d9b878728e7e5701e0326"},
]

[package.dependencies]
rich = ">=13.8,<14.0"

[package.extras]
ext = ["svg-ultralight (>=0.34.0,<0.35.0) ; python_version >= \"3.9\" and python_version < \"4.0\""]

[package.source]
type = "legacy"
url = "https://pypi.tuna.tsinghua.edu.cn/simple"
reference = "tsinghua"

[[package]]
name = "lk-utils"
version = "3.3.0a12"
description = "LK Utils is a set of utility wrappers made for data processing."
optional = false
python-versions = ">=3.8,<4.0"
groups = ["main", "dev"]
files = [
    {file = "lk_utils-3.3.0a12-py3-none-any.whl", hash = "sha256:73fb658160995b2503d1d23a928fc845ee405ec7334c581e96bf9c1cb83e7fea"},
]

[package.dependencies]
argsense = ">=0.7.2"
lk-logger = ">=6.0.5,<7.0.0"
psutil = ">=6.0.0"
pyyaml = ">=6.0.0,<7.0.0"
rich = ">=13.9.0,<14.0.0"
typing-extensions = ">=4.0.0,<5.0.0"

[package.extras]
all = ["ipython (<9.0.0) ; python_version >= \"3.8\" and python_version < \"3.11\"", "ipython (>=9.0.0,<10.0.0) ; python_version >= \"3.11\" and python_version < \"4.0\"", "toml (>=0.10.0,<0.11.0) ; python_version < \"3.11\"", "xlrd (==1.2.0)", "xlsxwriter (>=3.2.0,<4.0.0)"]
dbg = ["ipython (<9.0.0) ; python_version >= \"3.8\" and python_version < \"3.11\"", "ipython (>=9.0.0,<10.0.0) ; python_version >= \"3.11\" and python_version < \"4.0\""]
exl = ["xlrd (==1.2.0)", "xlsxwriter (>=3.2.0,<4.0.0)"]

[package.source]
type = "legacy"
url = "http://47.102.108.149:2131"
reference = "likianta"

[[package]]
name = "markdown-it-py"
version = "3.0.0"
description = "Python port of markdown-it. Markdown parsing, done right!"
optional = false
python-versions = ">=3.8"
groups = ["main", "dev"]
files = [
    {file = "markdown-it-py-3.0.0.tar.gz", hash = "sha256:e3f60a94fa066dc52ec76661e37c851cb232d92f9886b15cb560aaada2df8feb"},
    {file = "markdown_it_py-3.0.0-py3-none-any.whl", hash = "sha256:355216845c60bd96232cd8d8c40e8f9765cc86f46880e43a8fd22dc1a1a8cab1"},
]

[package.dependencies]
mdurl = ">=0.1,<1.0"

[package.extras]
benchmarking = ["psutil", "pytest", "pytest-benchmark"]
code-style = ["pre-commit (>=3.0,<4.0)"]
compare = ["commonmark (>=0.9,<1.0)", "markdown (>=3.4,<4.0)", "mistletoe (>=1.0,<2.0)", "mistune (>=2.0,<3.0)", "panflute (>=2.3,<3.0)"]
linkify = ["linkify-it-py (>=1,<3)"]
plugins = ["mdit-py-plugins"]
profiling = ["gprof2dot"]
rtd = ["jupyter_sphinx", "mdit-py-plugins", "myst-parser", "pyyaml", "sphinx", "sphinx-copybutton", "sphinx-design", "sphinx_book_theme"]
testing = ["coverage", "pytest", "pytest-cov", "pytest-regressions"]

[package.source]
type = "legacy"
url = "https://pypi.tuna.tsinghua.edu.cn/simple"
reference = "tsinghua"

[[package]]
name = "markupsafe"
version = "3.0.2"
description = "Safely add untrusted strings to HTML/XML markup."
optional = false
python-versions = ">=3.9"
groups = ["dev"]
files = [
    {file = "MarkupSafe-3.0.2-cp310-cp310-macosx_10_9_universal2.whl", hash = "sha256:7e94c425039cde14257288fd61dcfb01963e658efbc0ff54f5306b06054700f8"},
    {file = "MarkupSafe-3.0.2-cp310-cp310-macosx_11_0_arm64.whl", hash = "sha256:9e2d922824181480953426608b81967de705c3cef4d1af983af849d7bd619158"},
    {file = "MarkupSafe-3.0.2-cp310-cp310-manylinux_2_17_aarch64.manylinux2014_aarch64.whl", hash = "sha256:38a9ef736c01fccdd6600705b09dc574584b89bea478200c5fbf112a6b0d5579"},
    {file = "MarkupSafe-3.0.2-cp310-cp310-manylinux_2_17_x86_64.manylinux2014_x86_64.whl", hash = "sha256:bbcb445fa71794da8f178f0f6d66789a28d7319071af7a496d4d507ed566270d"},
    {file = "MarkupSafe-3.0.2-cp310-cp310-manylinux_2_5_i686.manylinux1_i686.manylinux_2_17_i686.manylinux2014_i686.whl", hash = "sha256:57cb5a3cf367aeb1d316576250f65edec5bb3be939e9247ae594b4bcbc317dfb"},
    {file = "MarkupSafe-3.0.2-cp310-cp310-musllinux_1_2_aarch64.whl", hash = "sha256:3809ede931876f5b2ec92eef964286840ed3540dadf803dd570c3b7e13141a3b"},
    {file = "MarkupSafe-3.0.2-cp310-cp310-musllinux_1_2_i686.whl", hash = "sha256:e07c3764494e3776c602c1e78e298937c3315ccc9043ead7e685b7f2b8d47b3c"},
    {file = "MarkupSafe-3.0.2-cp310-cp310-musllinux_1_2_x86_64.whl", hash = "sha256:b424c77b206d63d500bcb69fa55ed8d0e6a3774056bdc4839fc9298a7edca171"},
    {file = "MarkupSafe-3.0.2-cp310-cp310-win32.whl", hash = "sha256:fcabf5ff6eea076f859677f5f0b6b5c1a51e70a376b0579e0eadef8db48c6b50"},
    {file = "MarkupSafe-3.0.2-cp310-cp310-win_amd64.whl", hash = "sha256:6af100e168aa82a50e186c82875a5893c5597a0c1ccdb0d8b40240b1f28b969a"},
    {file = "MarkupSafe-3.0.2-cp311-cp311-macosx_10_9_universal2.whl", hash = "sha256:9025b4018f3a1314059769c7bf15441064b2207cb3f065e6ea1e7359cb46db9d"},
    {file = "MarkupSafe-3.0.2-cp311-cp311-macosx_11_0_arm64.whl", hash = "sha256:93335ca3812df2f366e80509ae119189886b0f3c2b81325d39efdb84a1e2ae93"},
    {file = "MarkupSafe-3.0.2-cp311-cp311-manylinux_2_17_aarch64.manylinux2014_aarch64.whl", hash = "sha256:2cb8438c3cbb25e220c2ab33bb226559e7afb3baec11c4f218ffa7308603c832"},
    {file = "MarkupSafe-3.0.2-cp311-cp311-manylinux_2_17_x86_64.manylinux2014_x86_64.whl", hash = "sha256:a123e330ef0853c6e822384873bef7507557d8e4a082961e1defa947aa59ba84"},
    {file = "MarkupSafe-3.0.2-cp311-cp311-manylinux_2_5_i686.manylinux1_i686.manylinux_2_17_i686.manylinux2014_i686.whl", hash = "sha256:1e084f686b92e5b83186b07e8a17fc09e38fff551f3602b249881fec658d3eca"},
    {file = "MarkupSafe-3.0.2-cp311-cp311-musllinux_1_2_aarch64.whl", hash = "sha256:d8213e09c917a951de9d09ecee036d5c7d36cb6cb7dbaece4c71a60d79fb9798"},
    {file = "MarkupSafe-3.0.2-cp311-cp311-musllinux_1_2_i686.whl", hash = "sha256:5b02fb34468b6aaa40dfc198d813a641e3a63b98c2b05a16b9f80b7ec314185e"},
    {file = "MarkupSafe-3.0.2-cp311-cp311-musllinux_1_2_x86_64.whl", hash = "sha256:0bff5e0ae4ef2e1ae4fdf2dfd5b76c75e5c2fa4132d05fc1b0dabcd20c7e28c4"},
    {file = "MarkupSafe-3.0.2-cp311-cp311-win32.whl", hash = "sha256:6c89876f41da747c8d3677a2b540fb32ef5715f97b66eeb0c6b66f5e3ef6f59d"},
    {file = "MarkupSafe-3.0.2-cp311-cp311-win_amd64.whl", hash = "sha256:70a87b411535ccad5ef2f1df5136506a10775d267e197e4cf531ced10537bd6b"},
    {file = "MarkupSafe-3.0.2-cp312-cp312-macosx_10_13_universal2.whl", hash = "sha256:9778bd8ab0a994ebf6f84c2b949e65736d5575320a17ae8984a77fab08db94cf"},
    {file = "MarkupSafe-3.0.2-cp312-cp312-macosx_11_0_arm64.whl", hash = "sha256:846ade7b71e3536c4e56b386c2a47adf5741d2d8b94ec9dc3e92e5e1ee1e2225"},
    {file = "MarkupSafe-3.0.2-cp312-cp312-manylinux_2_17_aarch64.manylinux2014_aarch64.whl", hash = "sha256:1c99d261bd2d5f6b59325c92c73df481e05e57f19837bdca8413b9eac4bd8028"},
    {file = "MarkupSafe-3.0.2-cp312-cp312-manylinux_2_17_x86_64.manylinux2014_x86_64.whl", hash = "sha256:e17c96c14e19278594aa4841ec148115f9c7615a47382ecb6b82bd8fea3ab0c8"},
    {file = "MarkupSafe-3.0.2-cp312-cp312-manylinux_2_5_i686.manylinux1_i686.manylinux_2_17_i686.manylinux2014_i686.whl", hash = "sha256:88416bd1e65dcea10bc7569faacb2c20ce071dd1f87539ca2ab364bf6231393c"},
    {file = "MarkupSafe-3.0.2-cp312-cp312-musllinux_1_2_aarch64.whl", hash = "sha256:2181e67807fc2fa785d0592dc2d6206c019b9502410671cc905d132a92866557"},
    {file = "MarkupSafe-3.0.2-cp312-cp312-musllinux_1_2_i686.whl", hash = "sha256:52305740fe773d09cffb16f8ed0427942901f00adedac82ec8b67752f58a1b22"},
    {file = "MarkupSafe-3.0.2-cp312-cp312-musllinux_1_2_x86_64.whl", hash = "sha256:ad10d3ded218f1039f11a75f8091880239651b52e9bb592ca27de44eed242a48"},
    {file = "MarkupSafe-3.0.2-cp312-cp312-win32.whl", hash = "sha256:0f4ca02bea9a23221c0182836703cbf8930c5e9454bacce27e767509fa286a30"},
    {file = "MarkupSafe-3.0.2-cp312-cp312-win_amd64.whl", hash = "sha256:8e06879fc22a25ca47312fbe7c8264eb0b662f6db27cb2d3bbbc74b1df4b9b87"},
    {file = "MarkupSafe-3.0.2-cp313-cp313-macosx_10_13_universal2.whl", hash = "sha256:ba9527cdd4c926ed0760bc301f6728ef34d841f405abf9d4f959c478421e4efd"},
    {file = "MarkupSafe-3.0.2-cp313-cp313-macosx_11_0_arm64.whl", hash = "sha256:f8b3d067f2e40fe93e1ccdd6b2e1d16c43140e76f02fb1319a05cf2b79d99430"},
    {file = "MarkupSafe-3.0.2-cp313-cp313-manylinux_2_17_aarch64.manylinux2014_aarch64.whl", hash = "sha256:569511d3b58c8791ab4c2e1285575265991e6d8f8700c7be0e88f86cb0672094"},
    {file = "MarkupSafe-3.0.2-cp313-cp313-manylinux_2_17_x86_64.manylinux2014_x86_64.whl", hash = "sha256:15ab75ef81add55874e7ab7055e9c397312385bd9ced94920f2802310c930396"},
    {file = "MarkupSafe-3.0.2-cp313-cp313-manylinux_2_5_i686.manylinux1_i686.manylinux_2_17_i686.manylinux2014_i686.whl", hash = "sha256:f3818cb119498c0678015754eba762e0d61e5b52d34c8b13d770f0719f7b1d79"},
    {file = "MarkupSafe-3.0.2-cp313-cp313-musllinux_1_2_aarch64.whl", hash = "sha256:cdb82a876c47801bb54a690c5ae105a46b392ac6099881cdfb9f6e95e4014c6a"},
    {file = "MarkupSafe-3.0.2-cp313-cp313-musllinux_1_2_i686.whl", hash = "sha256:cabc348d87e913db6ab4aa100f01b08f481097838bdddf7c7a84b7575b7309ca"},
    {file = "MarkupSafe-3.0.2-cp313-cp313-musllinux_1_2_x86_64.whl", hash = "sha256:444dcda765c8a838eaae23112db52f1efaf750daddb2d9ca300bcae1039adc5c"},
    {file = "MarkupSafe-3.0.2-cp313-cp313-win32.whl", hash = "sha256:bcf3e58998965654fdaff38e58584d8937aa3096ab5354d493c77d1fdd66d7a1"},
    {file = "MarkupSafe-3.0.2-cp313-cp313-win_amd64.whl", hash = "sha256:e6a2a455bd412959b57a172ce6328d2dd1f01cb2135efda2e4576e8a23fa3b0f"},
    {file = "MarkupSafe-3.0.2-cp313-cp313t-macosx_10_13_universal2.whl", hash = "sha256:b5a6b3ada725cea8a5e634536b1b01c30bcdcd7f9c6fff4151548d5bf6b3a36c"},
    {file = "MarkupSafe-3.0.2-cp313-cp313t-macosx_11_0_arm64.whl", hash = "sha256:a904af0a6162c73e3edcb969eeeb53a63ceeb5d8cf642fade7d39e7963a22ddb"},
    {file = "MarkupSafe-3.0.2-cp313-cp313t-manylinux_2_17_aarch64.manylinux2014_aarch64.whl", hash = "sha256:4aa4e5faecf353ed117801a068ebab7b7e09ffb6e1d5e412dc852e0da018126c"},
    {file = "MarkupSafe-3.0.2-cp313-cp313t-manylinux_2_17_x86_64.manylinux2014_x86_64.whl", hash = "sha256:c0ef13eaeee5b615fb07c9a7dadb38eac06a0608b41570d8ade51c56539e509d"},
    {file = "MarkupSafe-3.0.2-cp313-cp313t-manylinux_2_5_i686.manylinux1_i686.manylinux_2_17_i686.manylinux2014_i686.whl", hash = "sha256:d16a81a06776313e817c951135cf7340a3e91e8c1ff2fac444cfd75fffa04afe"},
    {file = "MarkupSafe-3.0.2-cp313-cp313t-musllinux_1_2_aarch64.whl", hash = "sha256:6381026f158fdb7c72a168278597a5e3a5222e83ea18f543112b2662a9b699c5"},
    {file = "MarkupSafe-3.0.2-cp313-cp313t-musllinux_1_2_i686.whl", hash = "sha256:3d79d162e7be8f996986c064d1c7c817f6df3a77fe3d6859f6f9e7be4b8c213a"},
    {file = "MarkupSafe-3.0.2-cp313-cp313t-musllinux_1_2_x86_64.whl", hash = "sha256:131a3c7689c85f5ad20f9f6fb1b866f402c445b220c19fe4308c0b147ccd2ad9"},
    {file = "MarkupSafe-3.0.2-cp313-cp313t-win32.whl", hash = "sha256:ba8062ed2cf21c07a9e295d5b8a2a5ce678b913b45fdf68c32d95d6c1291e0b6"},
    {file = "MarkupSafe-3.0.2-cp313-cp313t-win_amd64.whl", hash = "sha256:e444a31f8db13eb18ada366ab3cf45fd4b31e4db1236a4448f68778c1d1a5a2f"},
    {file = "MarkupSafe-3.0.2-cp39-cp39-macosx_10_9_universal2.whl", hash = "sha256:eaa0a10b7f72326f1372a713e73c3f739b524b3af41feb43e4921cb529f5929a"},
    {file = "MarkupSafe-3.0.2-cp39-cp39-macosx_11_0_arm64.whl", hash = "sha256:48032821bbdf20f5799ff537c7ac3d1fba0ba032cfc06194faffa8cda8b560ff"},
    {file = "MarkupSafe-3.0.2-cp39-cp39-manylinux_2_17_aarch64.manylinux2014_aarch64.whl", hash = "sha256:1a9d3f5f0901fdec14d8d2f66ef7d035f2157240a433441719ac9a3fba440b13"},
    {file = "MarkupSafe-3.0.2-cp39-cp39-manylinux_2_17_x86_64.manylinux2014_x86_64.whl", hash = "sha256:88b49a3b9ff31e19998750c38e030fc7bb937398b1f78cfa599aaef92d693144"},
    {file = "MarkupSafe-3.0.2-cp39-cp39-manylinux_2_5_i686.manylinux1_i686.manylinux_2_17_i686.manylinux2014_i686.whl", hash = "sha256:cfad01eed2c2e0c01fd0ecd2ef42c492f7f93902e39a42fc9ee1692961443a29"},
    {file = "MarkupSafe-3.0.2-cp39-cp39-musllinux_1_2_aarch64.whl", hash = "sha256:1225beacc926f536dc82e45f8a4d68502949dc67eea90eab715dea3a21c1b5f0"},
    {file = "MarkupSafe-3.0.2-cp39-cp39-musllinux_1_2_i686.whl", hash = "sha256:3169b1eefae027567d1ce6ee7cae382c57fe26e82775f460f0b2778beaad66c0"},
    {file = "MarkupSafe-3.0.2-cp39-cp39-musllinux_1_2_x86_64.whl", hash = "sha256:eb7972a85c54febfb25b5c4b4f3af4dcc731994c7da0d8a0b4a6eb0640e1d178"},
    {file = "MarkupSafe-3.0.2-cp39-cp39-win32.whl", hash = "sha256:8c4e8c3ce11e1f92f6536ff07154f9d49677ebaaafc32db9db4620bc11ed480f"},
    {file = "MarkupSafe-3.0.2-cp39-cp39-win_amd64.whl", hash = "sha256:6e296a513ca3d94054c2c881cc913116e90fd030ad1c656b3869762b754f5f8a"},
    {file = "markupsafe-3.0.2.tar.gz", hash = "sha256:ee55d3edf80167e48ea11a923c7386f4669df67d7994554387f84e7d8b0a2bf0"},
]

[package.source]
type = "legacy"
url = "https://pypi.tuna.tsinghua.edu.cn/simple"
reference = "tsinghua"

[[package]]
name = "mdurl"
version = "0.1.2"
description = "Markdown URL utilities"
optional = false
python-versions = ">=3.7"
groups = ["main", "dev"]
files = [
    {file = "mdurl-0.1.2-py3-none-any.whl", hash = "sha256:84008a41e51615a49fc9966191ff91509e3c40b939176e643fd50a5c2196b8f8"},
    {file = "mdurl-0.1.2.tar.gz", hash = "sha256:bb413d29f5eea38f31dd4754dd7377d4465116fb207585f97bf925588687c1ba"},
]

[package.source]
type = "legacy"
url = "https://pypi.tuna.tsinghua.edu.cn/simple"
reference = "tsinghua"

[[package]]
name = "prettytable"
version = "3.16.0"
description = "A simple Python library for easily displaying tabular data in a visually appealing ASCII table format"
optional = false
python-versions = ">=3.9"
groups = ["dev"]
files = [
    {file = "prettytable-3.16.0-py3-none-any.whl", hash = "sha256:b5eccfabb82222f5aa46b798ff02a8452cf530a352c31bddfa29be41242863aa"},
    {file = "prettytable-3.16.0.tar.gz", hash = "sha256:3c64b31719d961bf69c9a7e03d0c1e477320906a98da63952bc6698d6164ff57"},
]

[package.dependencies]
wcwidth = "*"

[package.extras]
tests = ["pytest", "pytest-cov", "pytest-lazy-fixtures"]

[package.source]
type = "legacy"
url = "https://pypi.tuna.tsinghua.edu.cn/simple"
reference = "tsinghua"

[[package]]
name = "psutil"
version = "6.0.0"
description = "Cross-platform lib for process and system monitoring in Python."
optional = false
python-versions = ">=2.7, !=3.0.*, !=3.1.*, !=3.2.*, !=3.3.*, !=3.4.*, !=3.5.*"
groups = ["main", "dev"]
files = [
    {file = "psutil-6.0.0-cp27-cp27m-macosx_10_9_x86_64.whl", hash = "sha256:a021da3e881cd935e64a3d0a20983bda0bb4cf80e4f74fa9bfcb1bc5785360c6"},
    {file = "psutil-6.0.0-cp27-cp27m-manylinux2010_i686.whl", hash = "sha256:1287c2b95f1c0a364d23bc6f2ea2365a8d4d9b726a3be7294296ff7ba97c17f0"},
    {file = "psutil-6.0.0-cp27-cp27m-manylinux2010_x86_64.whl", hash = "sha256:a9a3dbfb4de4f18174528d87cc352d1f788b7496991cca33c6996f40c9e3c92c"},
    {file = "psutil-6.0.0-cp27-cp27mu-manylinux2010_i686.whl", hash = "sha256:6ec7588fb3ddaec7344a825afe298db83fe01bfaaab39155fa84cf1c0d6b13c3"},
    {file = "psutil-6.0.0-cp27-cp27mu-manylinux2010_x86_64.whl", hash = "sha256:1e7c870afcb7d91fdea2b37c24aeb08f98b6d67257a5cb0a8bc3ac68d0f1a68c"},
    {file = "psutil-6.0.0-cp27-none-win32.whl", hash = "sha256:02b69001f44cc73c1c5279d02b30a817e339ceb258ad75997325e0e6169d8b35"},
    {file = "psutil-6.0.0-cp27-none-win_amd64.whl", hash = "sha256:21f1fb635deccd510f69f485b87433460a603919b45e2a324ad65b0cc74f8fb1"},
    {file = "psutil-6.0.0-cp36-abi3-macosx_10_9_x86_64.whl", hash = "sha256:c588a7e9b1173b6e866756dde596fd4cad94f9399daf99ad8c3258b3cb2b47a0"},
    {file = "psutil-6.0.0-cp36-abi3-manylinux_2_12_i686.manylinux2010_i686.manylinux_2_17_i686.manylinux2014_i686.whl", hash = "sha256:6ed2440ada7ef7d0d608f20ad89a04ec47d2d3ab7190896cd62ca5fc4fe08bf0"},
    {file = "psutil-6.0.0-cp36-abi3-manylinux_2_12_x86_64.manylinux2010_x86_64.manylinux_2_17_x86_64.manylinux2014_x86_64.whl", hash = "sha256:5fd9a97c8e94059b0ef54a7d4baf13b405011176c3b6ff257c247cae0d560ecd"},
    {file = "psutil-6.0.0-cp36-abi3-manylinux_2_17_aarch64.manylinux2014_aarch64.whl", hash = "sha256:e2e8d0054fc88153ca0544f5c4d554d42e33df2e009c4ff42284ac9ebdef4132"},
    {file = "psutil-6.0.0-cp36-cp36m-win32.whl", hash = "sha256:fc8c9510cde0146432bbdb433322861ee8c3efbf8589865c8bf8d21cb30c4d14"},
    {file = "psutil-6.0.0-cp36-cp36m-win_amd64.whl", hash = "sha256:34859b8d8f423b86e4385ff3665d3f4d94be3cdf48221fbe476e883514fdb71c"},
    {file = "psutil-6.0.0-cp37-abi3-win32.whl", hash = "sha256:a495580d6bae27291324fe60cea0b5a7c23fa36a7cd35035a16d93bdcf076b9d"},
    {file = "psutil-6.0.0-cp37-abi3-win_amd64.whl", hash = "sha256:33ea5e1c975250a720b3a6609c490db40dae5d83a4eb315170c4fe0d8b1f34b3"},
    {file = "psutil-6.0.0-cp38-abi3-macosx_11_0_arm64.whl", hash = "sha256:ffe7fc9b6b36beadc8c322f84e1caff51e8703b88eee1da46d1e3a6ae11b4fd0"},
    {file = "psutil-6.0.0.tar.gz", hash = "sha256:8faae4f310b6d969fa26ca0545338b21f73c6b15db7c4a8d934a5482faa818f2"},
]

[package.extras]
test = ["enum34 ; python_version <= \"3.4\"", "ipaddress ; python_version < \"3.0\"", "mock ; python_version < \"3.0\"", "pywin32 ; sys_platform == \"win32\"", "wmi ; sys_platform == \"win32\""]

[package.source]
type = "legacy"
url = "https://pypi.tuna.tsinghua.edu.cn/simple"
reference = "tsinghua"

[[package]]
name = "pyecharts"
version = "2.0.8"
description = "Python options, make charting easier"
optional = false
python-versions = "*"
groups = ["dev"]
files = [
    {file = "pyecharts-2.0.8-py3-none-any.whl", hash = "sha256:8b711ba139f39f89bc1b2a869d7adda89dc74c910d158a1f9063109fe66bc985"},
    {file = "pyecharts-2.0.8.tar.gz", hash = "sha256:908dbd939862dd3c76bb53697bdb41d3cdd0b5ba48ca69a76a6085d0aa27dbdf"},
]

[package.dependencies]
jinja2 = "*"
prettytable = "*"
simplejson = "*"

[package.extras]
images = ["PIL"]
phantomjs = ["snapshot-phantomjs"]
pyppeteer = ["snapshot-pyppeteer"]
selenium = ["snapshot-selenium"]

[package.source]
type = "legacy"
url = "https://pypi.tuna.tsinghua.edu.cn/simple"
reference = "tsinghua"

[[package]]
name = "pygments"
version = "2.18.0"
description = "Pygments is a syntax highlighting package written in Python."
optional = false
python-versions = ">=3.8"
groups = ["main", "dev"]
files = [
    {file = "pygments-2.18.0-py3-none-any.whl", hash = "sha256:b8e6aca0523f3ab76fee51799c488e38782ac06eafcf95e7ba832985c8e7b13a"},
    {file = "pygments-2.18.0.tar.gz", hash = "sha256:786ff802f32e91311bff3889f6e9a86e81505fe99f2735bb6d60ae0c5004f199"},
]

[package.extras]
windows-terminal = ["colorama (>=0.4.6)"]

[package.source]
type = "legacy"
url = "https://pypi.tuna.tsinghua.edu.cn/simple"
reference = "tsinghua"

[[package]]
name = "pyyaml"
version = "6.0.1"
description = "YAML parser and emitter for Python"
optional = false
python-versions = ">=3.6"
groups = ["main", "dev"]
files = [
    {file = "PyYAML-6.0.1-cp310-cp310-macosx_10_9_x86_64.whl", hash = "sha256:d858aa552c999bc8a8d57426ed01e40bef403cd8ccdd0fc5f6f04a00414cac2a"},
    {file = "PyYAML-6.0.1-cp310-cp310-macosx_11_0_arm64.whl", hash = "sha256:fd66fc5d0da6d9815ba2cebeb4205f95818ff4b79c3ebe268e75d961704af52f"},
    {file = "PyYAML-6.0.1-cp310-cp310-manylinux_2_17_aarch64.manylinux2014_aarch64.whl", hash = "sha256:69b023b2b4daa7548bcfbd4aa3da05b3a74b772db9e23b982788168117739938"},
    {file = "PyYAML-6.0.1-cp310-cp310-manylinux_2_17_s390x.manylinux2014_s390x.whl", hash = "sha256:81e0b275a9ecc9c0c0c07b4b90ba548307583c125f54d5b6946cfee6360c733d"},
    {file = "PyYAML-6.0.1-cp310-cp310-manylinux_2_17_x86_64.manylinux2014_x86_64.whl", hash = "sha256:ba336e390cd8e4d1739f42dfe9bb83a3cc2e80f567d8805e11b46f4a943f5515"},
    {file = "PyYAML-6.0.1-cp310-cp310-musllinux_1_1_x86_64.whl", hash = "sha256:326c013efe8048858a6d312ddd31d56e468118ad4cdeda36c719bf5bb6192290"},
    {file = "PyYAML-6.0.1-cp310-cp310-win32.whl", hash = "sha256:bd4af7373a854424dabd882decdc5579653d7868b8fb26dc7d0e99f823aa5924"},
    {file = "PyYAML-6.0.1-cp310-cp310-win_amd64.whl", hash = "sha256:fd1592b3fdf65fff2ad0004b5e363300ef59ced41c2e6b3a99d4089fa8c5435d"},
    {file = "PyYAML-6.0.1-cp311-cp311-macosx_10_9_x86_64.whl", hash = "sha256:6965a7bc3cf88e5a1c3bd2e0b5c22f8d677dc88a455344035f03399034eb3007"},
    {file = "PyYAML-6.0.1-cp311-cp311-macosx_11_0_arm64.whl", hash = "sha256:f003ed9ad21d6a4713f0a9b5a7a0a79e08dd0f221aff4525a2be4c346ee60aab"},
    {file = "PyYAML-6.0.1-cp311-cp311-manylinux_2_17_aarch64.manylinux2014_aarch64.whl", hash = "sha256:42f8152b8dbc4fe7d96729ec2b99c7097d656dc1213a3229ca5383f973a5ed6d"},
    {file = "PyYAML-6.0.1-cp311-cp311-manylinux_2_17_s390x.manylinux2014_s390x.whl", hash = "sha256:062582fca9fabdd2c8b54a3ef1c978d786e0f6b3a1510e0ac93ef59e0ddae2bc"},
    {file = "PyYAML-6.0.1-cp311-cp311-manylinux_2_17_x86_64.manylinux2014_x86_64.whl", hash = "sha256:d2b04aac4d386b172d5b9692e2d2da8de7bfb6c387fa4f801fbf6fb2e6ba4673"},
    {file = "PyYAML-6.0.1-cp311-cp311-musllinux_1_1_x86_64.whl", hash = "sha256:e7d73685e87afe9f3b36c799222440d6cf362062f78be1013661b00c5c6f678b"},
    {file = "PyYAML-6.0.1-cp311-cp311-win32.whl", hash = "sha256:1635fd110e8d85d55237ab316b5b011de701ea0f29d07611174a1b42f1444741"},
    {file = "PyYAML-6.0.1-cp311-cp311-win_amd64.whl", hash = "sha256:bf07ee2fef7014951eeb99f56f39c9bb4af143d8aa3c21b1677805985307da34"},
    {file = "PyYAML-6.0.1-cp312-cp312-macosx_10_9_x86_64.whl", hash = "sha256:855fb52b0dc35af121542a76b9a84f8d1cd886ea97c84703eaa6d88e37a2ad28"},
    {file = "PyYAML-6.0.1-cp312-cp312-macosx_11_0_arm64.whl", hash = "sha256:40df9b996c2b73138957fe23a16a4f0ba614f4c0efce1e9406a184b6d07fa3a9"},
    {file = "PyYAML-6.0.1-cp312-cp312-manylinux_2_17_aarch64.manylinux2014_aarch64.whl", hash = "sha256:a08c6f0fe150303c1c6b71ebcd7213c2858041a7e01975da3a99aed1e7a378ef"},
    {file = "PyYAML-6.0.1-cp312-cp312-manylinux_2_17_x86_64.manylinux2014_x86_64.whl", hash = "sha256:6c22bec3fbe2524cde73d7ada88f6566758a8f7227bfbf93a408a9d86bcc12a0"},
    {file = "PyYAML-6.0.1-cp312-cp312-musllinux_1_1_x86_64.whl", hash = "sha256:8d4e9c88387b0f5c7d5f281e55304de64cf7f9c0021a3525bd3b1c542da3b0e4"},
    {file = "PyYAML-6.0.1-cp312-cp312-win32.whl", hash = "sha256:d483d2cdf104e7c9fa60c544d92981f12ad66a457afae824d146093b8c294c54"},
    {file = "PyYAML-6.0.1-cp312-cp312-win_amd64.whl", hash = "sha256:0d3304d8c0adc42be59c5f8a4d9e3d7379e6955ad754aa9d6ab7a398b59dd1df"},
    {file = "PyYAML-6.0.1-cp36-cp36m-macosx_10_9_x86_64.whl", hash = "sha256:50550eb667afee136e9a77d6dc71ae76a44df8b3e51e41b77f6de2932bfe0f47"},
    {file = "PyYAML-6.0.1-cp36-cp36m-manylinux_2_17_aarch64.manylinux2014_aarch64.whl", hash = "sha256:1fe35611261b29bd1de0070f0b2f47cb6ff71fa6595c077e42bd0c419fa27b98"},
    {file = "PyYAML-6.0.1-cp36-cp36m-manylinux_2_17_s390x.manylinux2014_s390x.whl", hash = "sha256:704219a11b772aea0d8ecd7058d0082713c3562b4e271b849ad7dc4a5c90c13c"},
    {file = "PyYAML-6.0.1-cp36-cp36m-manylinux_2_17_x86_64.manylinux2014_x86_64.whl", hash = "sha256:afd7e57eddb1a54f0f1a974bc4391af8bcce0b444685d936840f125cf046d5bd"},
    {file = "PyYAML-6.0.1-cp36-cp36m-win32.whl", hash = "sha256:fca0e3a251908a499833aa292323f32437106001d436eca0e6e7833256674585"},
    {file = "PyYAML-6.0.1-cp36-cp36m-win_amd64.whl", hash = "sha256:f22ac1c3cac4dbc50079e965eba2c1058622631e526bd9afd45fedd49ba781fa"},
    {file = "PyYAML-6.0.1-cp37-cp37m-macosx_10_9_x86_64.whl", hash = "sha256:b1275ad35a5d18c62a7220633c913e1b42d44b46ee12554e5fd39c70a243d6a3"},
    {file = "PyYAML-6.0.1-cp37-cp37m-manylinux_2_17_aarch64.manylinux2014_aarch64.whl", hash = "sha256:18aeb1bf9a78867dc38b259769503436b7c72f7a1f1f4c93ff9a17de54319b27"},
    {file = "PyYAML-6.0.1-cp37-cp37m-manylinux_2_17_s390x.manylinux2014_s390x.whl", hash = "sha256:596106435fa6ad000c2991a98fa58eeb8656ef2325d7e158344fb33864ed87e3"},
    {file = "PyYAML-6.0.1-cp37-cp37m-manylinux_2_17_x86_64.manylinux2014_x86_64.whl", hash = "sha256:baa90d3f661d43131ca170712d903e6295d1f7a0f595074f151c0aed377c9b9c"},
    {file = "PyYAML-6.0.1-cp37-cp37m-win32.whl", hash = "sha256:9046c58c4395dff28dd494285c82ba00b546adfc7ef001486fbf0324bc174fba"},
    {file = "PyYAML-6.0.1-cp37-cp37m-win_amd64.whl", hash = "sha256:4fb147e7a67ef577a588a0e2c17b6db51dda102c71de36f8549b6816a96e1867"},
    {file = "PyYAML-6.0.1-cp38-cp38-macosx_10_9_x86_64.whl", hash = "sha256:1d4c7e777c441b20e32f52bd377e0c409713e8bb1386e1099c2415f26e479595"},
    {file = "PyYAML-6.0.1-cp38-cp38-manylinux_2_17_aarch64.manylinux2014_aarch64.whl", hash = "sha256:a0cd17c15d3bb3fa06978b4e8958dcdc6e0174ccea823003a106c7d4d7899ac5"},
    {file = "PyYAML-6.0.1-cp38-cp38-manylinux_2_17_s390x.manylinux2014_s390x.whl", hash = "sha256:28c119d996beec18c05208a8bd78cbe4007878c6dd15091efb73a30e90539696"},
    {file = "PyYAML-6.0.1-cp38-cp38-manylinux_2_17_x86_64.manylinux2014_x86_64.whl", hash = "sha256:7e07cbde391ba96ab58e532ff4803f79c4129397514e1413a7dc761ccd755735"},
    {file = "PyYAML-6.0.1-cp38-cp38-musllinux_1_1_x86_64.whl", hash = "sha256:49a183be227561de579b4a36efbb21b3eab9651dd81b1858589f796549873dd6"},
    {file = "PyYAML-6.0.1-cp38-cp38-win32.whl", hash = "sha256:184c5108a2aca3c5b3d3bf9395d50893a7ab82a38004c8f61c258d4428e80206"},
    {file = "PyYAML-6.0.1-cp38-cp38-win_amd64.whl", hash = "sha256:1e2722cc9fbb45d9b87631ac70924c11d3a401b2d7f410cc0e3bbf249f2dca62"},
    {file = "PyYAML-6.0.1-cp39-cp39-macosx_10_9_x86_64.whl", hash = "sha256:9eb6caa9a297fc2c2fb8862bc5370d0303ddba53ba97e71f08023b6cd73d16a8"},
    {file = "PyYAML-6.0.1-cp39-cp39-macosx_11_0_arm64.whl", hash = "sha256:c8098ddcc2a85b61647b2590f825f3db38891662cfc2fc776415143f599bb859"},
    {file = "PyYAML-6.0.1-cp39-cp39-manylinux_2_17_aarch64.manylinux2014_aarch64.whl", hash = "sha256:5773183b6446b2c99bb77e77595dd486303b4faab2b086e7b17bc6bef28865f6"},
    {file = "PyYAML-6.0.1-cp39-cp39-manylinux_2_17_s390x.manylinux2014_s390x.whl", hash = "sha256:b786eecbdf8499b9ca1d697215862083bd6d2a99965554781d0d8d1ad31e13a0"},
    {file = "PyYAML-6.0.1-cp39-cp39-manylinux_2_17_x86_64.manylinux2014_x86_64.whl", hash = "sha256:bc1bf2925a1ecd43da378f4db9e4f799775d6367bdb94671027b73b393a7c42c"},
    {file = "PyYAML-6.0.1-cp39-cp39-musllinux_1_1_x86_64.whl", hash = "sha256:04ac92ad1925b2cff1db0cfebffb6ffc43457495c9b3c39d3fcae417d7125dc5"},
    {file = "PyYAML-6.0.1-cp39-cp39-win32.whl", hash = "sha256:faca3bdcf85b2fc05d06ff3fbc1f83e1391b3e724afa3feba7d13eeab355484c"},
    {file = "PyYAML-6.0.1-cp39-cp39-win_amd64.whl", hash = "sha256:510c9deebc5c0225e8c96813043e62b680ba2f9c50a08d3724c7f28a747d1486"},
    {file = "PyYAML-6.0.1.tar.gz", hash = "sha256:bfdf460b1736c775f2ba9f6a92bca30bc2095067b8a9d77876d1fad6cc3b4a43"},
]

[package.source]
type = "legacy"
url = "https://pypi.tuna.tsinghua.edu.cn/simple"
reference = "tsinghua"

[[package]]
name = "rich"
version = "13.9.4"
description = "Render rich text, tables, progress bars, syntax highlighting, markdown and more to the terminal"
optional = false
python-versions = ">=3.8.0"
groups = ["main", "dev"]
files = [
    {file = "rich-13.9.4-py3-none-any.whl", hash = "sha256:6049d5e6ec054bf2779ab3358186963bac2ea89175919d699e378b99738c2a90"},
    {file = "rich-13.9.4.tar.gz", hash = "sha256:439594978a49a09530cff7ebc4b5c7103ef57baf48d5ea3184f21d9a2befa098"},
]

[package.dependencies]
markdown-it-py = ">=2.2.0"
pygments = ">=2.13.0,<3.0.0"

[package.extras]
jupyter = ["ipywidgets (>=7.5.1,<9)"]

[package.source]
type = "legacy"
url = "https://pypi.tuna.tsinghua.edu.cn/simple"
reference = "tsinghua"

[[package]]
name = "simplejson"
version = "3.20.1"
description = "Simple, fast, extensible JSON encoder/decoder for Python"
optional = false
python-versions = ">=2.5, !=3.0.*, !=3.1.*, !=3.2.*"
groups = ["dev"]
files = [
    {file = "simplejson-3.20.1-cp27-cp27m-manylinux1_i686.whl", hash = "sha256:f5272b5866b259fe6c33c4a8c5073bf8b359c3c97b70c298a2f09a69b52c7c41"},
    {file = "simplejson-3.20.1-cp27-cp27m-manylinux1_x86_64.whl", hash = "sha256:5c0de368f3052a59a1acf21f8b2dd28686a9e4eba2da7efae7ed9554cb31e7bc"},
    {file = "simplejson-3.20.1-cp27-cp27m-manylinux2010_i686.whl", hash = "sha256:0821871404a537fd0e22eba240c74c0467c28af6cc435903eca394cfc74a0497"},
    {file = "simplejson-3.20.1-cp27-cp27m-manylinux2010_x86_64.whl", hash = "sha256:c939a1e576bded47d7d03aa2afc2ae90b928b2cf1d9dc2070ceec51fd463f430"},
    {file = "simplejson-3.20.1-cp27-cp27mu-manylinux1_i686.whl", hash = "sha256:3c4f0a61cdc05550782ca4a2cdb311ea196c2e6be6b24a09bf71360ca8c3ca9b"},
    {file = "simplejson-3.20.1-cp27-cp27mu-manylinux1_x86_64.whl", hash = "sha256:6c21f5c026ca633cfffcb6bc1fac2e99f65cb2b24657d3bef21aed9916cc3bbf"},
    {file = "simplejson-3.20.1-cp27-cp27mu-manylinux2010_i686.whl", hash = "sha256:8d23b7f8d6b72319d6d55a0261089ff621ce87e54731c2d3de6a9bf7be5c028c"},
    {file = "simplejson-3.20.1-cp27-cp27mu-manylinux2010_x86_64.whl", hash = "sha256:cda5c32a98f392909088111ecec23f2b0d39346ceae1a0fea23ab2d1f84ec21d"},
    {file = "simplejson-3.20.1-cp310-cp310-macosx_10_9_universal2.whl", hash = "sha256:e580aa65d5f6c3bf41b9b4afe74be5d5ddba9576701c107c772d936ea2b5043a"},
    {file = "simplejson-3.20.1-cp310-cp310-macosx_10_9_x86_64.whl", hash = "sha256:4a586ce4f78cec11f22fe55c5bee0f067e803aab9bad3441afe2181693b5ebb5"},
    {file = "simplejson-3.20.1-cp310-cp310-macosx_11_0_arm64.whl", hash = "sha256:74a1608f9e6e8c27a4008d70a54270868306d80ed48c9df7872f9f4b8ac87808"},
    {file = "simplejson-3.20.1-cp310-cp310-manylinux_2_17_aarch64.manylinux2014_aarch64.whl", hash = "sha256:03db8cb64154189a92a7786209f24e391644f3a3fa335658be2df2af1960b8d8"},
    {file = "simplejson-3.20.1-cp310-cp310-manylinux_2_17_ppc64le.manylinux2014_ppc64le.whl", hash = "sha256:eea7e2b7d858f6fdfbf0fe3cb846d6bd8a45446865bc09960e51f3d473c2271b"},
    {file = "simplejson-3.20.1-cp310-cp310-manylinux_2_5_i686.manylinux1_i686.manylinux_2_17_i686.manylinux2014_i686.whl", hash = "sha256:e66712b17d8425bb7ff8968d4c7c7fd5a2dd7bd63728b28356223c000dd2f91f"},
    {file = "simplejson-3.20.1-cp310-cp310-manylinux_2_5_x86_64.manylinux1_x86_64.manylinux_2_17_x86_64.manylinux2014_x86_64.whl", hash = "sha256:a2cc4f6486f9f515b62f5831ff1888886619b84fc837de68f26d919ba7bbdcbc"},
    {file = "simplejson-3.20.1-cp310-cp310-musllinux_1_2_aarch64.whl", hash = "sha256:a3c2df555ee4016148fa192e2b9cd9e60bc1d40769366134882685e90aee2a1e"},
    {file = "simplejson-3.20.1-cp310-cp310-musllinux_1_2_i686.whl", hash = "sha256:78520f04b7548a5e476b5396c0847e066f1e0a4c0c5e920da1ad65e95f410b11"},
    {file = "simplejson-3.20.1-cp310-cp310-musllinux_1_2_ppc64le.whl", hash = "sha256:f4bd49ecde87b0fe9f55cc971449a32832bca9910821f7072bbfae1155eaa007"},
    {file = "simplejson-3.20.1-cp310-cp310-musllinux_1_2_x86_64.whl", hash = "sha256:7eaae2b88eb5da53caaffdfa50e2e12022553949b88c0df4f9a9663609373f72"},
    {file = "simplejson-3.20.1-cp310-cp310-win32.whl", hash = "sha256:e836fb88902799eac8debc2b642300748f4860a197fa3d9ea502112b6bb8e142"},
    {file = "simplejson-3.20.1-cp310-cp310-win_amd64.whl", hash = "sha256:b122a19b552b212fc3b5b96fc5ce92333d4a9ac0a800803e1f17ebb16dac4be5"},
    {file = "simplejson-3.20.1-cp311-cp311-macosx_10_9_universal2.whl", hash = "sha256:325b8c107253d3217e89d7b50c71015b5b31e2433e6c5bf38967b2f80630a8ca"},
    {file = "simplejson-3.20.1-cp311-cp311-macosx_10_9_x86_64.whl", hash = "sha256:88a7baa8211089b9e58d78fbc1b0b322103f3f3d459ff16f03a36cece0d0fcf0"},
    {file = "simplejson-3.20.1-cp311-cp311-macosx_11_0_arm64.whl", hash = "sha256:299b1007b8101d50d95bc0db1bf5c38dc372e85b504cf77f596462083ee77e3f"},
    {file = "simplejson-3.20.1-cp311-cp311-manylinux_2_17_aarch64.manylinux2014_aarch64.whl", hash = "sha256:03ec618ed65caab48e81e3ed29586236a8e57daef792f1f3bb59504a7e98cd10"},
    {file = "simplejson-3.20.1-cp311-cp311-manylinux_2_17_ppc64le.manylinux2014_ppc64le.whl", hash = "sha256:cd2cdead1d3197f0ff43373cf4730213420523ba48697743e135e26f3d179f38"},
    {file = "simplejson-3.20.1-cp311-cp311-manylinux_2_5_i686.manylinux1_i686.manylinux_2_17_i686.manylinux2014_i686.whl", hash = "sha256:3466d2839fdc83e1af42e07b90bc8ff361c4e8796cd66722a40ba14e458faddd"},
    {file = "simplejson-3.20.1-cp311-cp311-manylinux_2_5_x86_64.manylinux1_x86_64.manylinux_2_17_x86_64.manylinux2014_x86_64.whl", hash = "sha256:d492ed8e92f3a9f9be829205f44b1d0a89af6582f0cf43e0d129fa477b93fe0c"},
    {file = "simplejson-3.20.1-cp311-cp311-musllinux_1_2_aarch64.whl", hash = "sha256:f924b485537b640dc69434565463fd6fc0c68c65a8c6e01a823dd26c9983cf79"},
    {file = "simplejson-3.20.1-cp311-cp311-musllinux_1_2_i686.whl", hash = "sha256:9e8eacf6a3491bf76ea91a8d46726368a6be0eb94993f60b8583550baae9439e"},
    {file = "simplejson-3.20.1-cp311-cp311-musllinux_1_2_ppc64le.whl", hash = "sha256:d34d04bf90b4cea7c22d8b19091633908f14a096caa301b24c2f3d85b5068fb8"},
    {file = "simplejson-3.20.1-cp311-cp311-musllinux_1_2_x86_64.whl", hash = "sha256:69dd28d4ce38390ea4aaf212902712c0fd1093dc4c1ff67e09687c3c3e15a749"},
    {file = "simplejson-3.20.1-cp311-cp311-win32.whl", hash = "sha256:dfe7a9da5fd2a3499436cd350f31539e0a6ded5da6b5b3d422df016444d65e43"},
    {file = "simplejson-3.20.1-cp311-cp311-win_amd64.whl", hash = "sha256:896a6c04d7861d507d800da7642479c3547060bf97419d9ef73d98ced8258766"},
    {file = "simplejson-3.20.1-cp312-cp312-macosx_10_9_universal2.whl", hash = "sha256:f31c4a3a7ab18467ee73a27f3e59158255d1520f3aad74315edde7a940f1be23"},
    {file = "simplejson-3.20.1-cp312-cp312-macosx_10_9_x86_64.whl", hash = "sha256:884e6183d16b725e113b83a6fc0230152ab6627d4d36cb05c89c2c5bccfa7bc6"},
    {file = "simplejson-3.20.1-cp312-cp312-macosx_11_0_arm64.whl", hash = "sha256:03d7a426e416fe0d3337115f04164cd9427eb4256e843a6b8751cacf70abc832"},
    {file = "simplejson-3.20.1-cp312-cp312-manylinux_2_17_aarch64.manylinux2014_aarch64.whl", hash = "sha256:000602141d0bddfcff60ea6a6e97d5e10c9db6b17fd2d6c66199fa481b6214bb"},
    {file = "simplejson-3.20.1-cp312-cp312-manylinux_2_17_ppc64le.manylinux2014_ppc64le.whl", hash = "sha256:af8377a8af78226e82e3a4349efdde59ffa421ae88be67e18cef915e4023a595"},
    {file = "simplejson-3.20.1-cp312-cp312-manylinux_2_5_i686.manylinux1_i686.manylinux_2_17_i686.manylinux2014_i686.whl", hash = "sha256:15c7de4c88ab2fbcb8781a3b982ef883696736134e20b1210bca43fb42ff1acf"},
    {file = "simplejson-3.20.1-cp312-cp312-manylinux_2_5_x86_64.manylinux1_x86_64.manylinux_2_17_x86_64.manylinux2014_x86_64.whl", hash = "sha256:455a882ff3f97d810709f7b620007d4e0aca8da71d06fc5c18ba11daf1c4df49"},
    {file = "simplejson-3.20.1-cp312-cp312-musllinux_1_2_aarch64.whl", hash = "sha256:fc0f523ce923e7f38eb67804bc80e0a028c76d7868500aa3f59225574b5d0453"},
    {file = "simplejson-3.20.1-cp312-cp312-musllinux_1_2_i686.whl", hash = "sha256:76461ec929282dde4a08061071a47281ad939d0202dc4e63cdd135844e162fbc"},
    {file = "simplejson-3.20.1-cp312-cp312-musllinux_1_2_ppc64le.whl", hash = "sha256:ab19c2da8c043607bde4d4ef3a6b633e668a7d2e3d56f40a476a74c5ea71949f"},
    {file = "simplejson-3.20.1-cp312-cp312-musllinux_1_2_x86_64.whl", hash = "sha256:b2578bedaedf6294415197b267d4ef678fea336dd78ee2a6d2f4b028e9d07be3"},
    {file = "simplejson-3.20.1-cp312-cp312-win32.whl", hash = "sha256:339f407373325a36b7fd744b688ba5bae0666b5d340ec6d98aebc3014bf3d8ea"},
    {file = "simplejson-3.20.1-cp312-cp312-win_amd64.whl", hash = "sha256:627d4486a1ea7edf1f66bb044ace1ce6b4c1698acd1b05353c97ba4864ea2e17"},
    {file = "simplejson-3.20.1-cp313-cp313-macosx_10_13_universal2.whl", hash = "sha256:71e849e7ceb2178344998cbe5ade101f1b329460243c79c27fbfc51c0447a7c3"},
    {file = "simplejson-3.20.1-cp313-cp313-macosx_10_13_x86_64.whl", hash = "sha256:b63fdbab29dc3868d6f009a59797cefaba315fd43cd32ddd998ee1da28e50e29"},
    {file = "simplejson-3.20.1-cp313-cp313-macosx_11_0_arm64.whl", hash = "sha256:1190f9a3ce644fd50ec277ac4a98c0517f532cfebdcc4bd975c0979a9f05e1fb"},
    {file = "simplejson-3.20.1-cp313-cp313-manylinux_2_17_aarch64.manylinux2014_aarch64.whl", hash = "sha256:c1336ba7bcb722ad487cd265701ff0583c0bb6de638364ca947bb84ecc0015d1"},
    {file = "simplejson-3.20.1-cp313-cp313-manylinux_2_17_ppc64le.manylinux2014_ppc64le.whl", hash = "sha256:e975aac6a5acd8b510eba58d5591e10a03e3d16c1cf8a8624ca177491f7230f0"},
    {file = "simplejson-3.20.1-cp313-cp313-manylinux_2_5_i686.manylinux1_i686.manylinux_2_17_i686.manylinux2014_i686.whl", hash = "sha256:6a6dd11ee282937ad749da6f3b8d87952ad585b26e5edfa10da3ae2536c73078"},
    {file = "simplejson-3.20.1-cp313-cp313-manylinux_2_5_x86_64.manylinux1_x86_64.manylinux_2_17_x86_64.manylinux2014_x86_64.whl", hash = "sha256:ab980fcc446ab87ea0879edad41a5c28f2d86020014eb035cf5161e8de4474c6"},
    {file = "simplejson-3.20.1-cp313-cp313-musllinux_1_2_aarch64.whl", hash = "sha256:f5aee2a4cb6b146bd17333ac623610f069f34e8f31d2f4f0c1a2186e50c594f0"},
    {file = "simplejson-3.20.1-cp313-cp313-musllinux_1_2_i686.whl", hash = "sha256:652d8eecbb9a3b6461b21ec7cf11fd0acbab144e45e600c817ecf18e4580b99e"},
    {file = "simplejson-3.20.1-cp313-cp313-musllinux_1_2_ppc64le.whl", hash = "sha256:8c09948f1a486a89251ee3a67c9f8c969b379f6ffff1a6064b41fea3bce0a112"},
    {file = "simplejson-3.20.1-cp313-cp313-musllinux_1_2_x86_64.whl", hash = "sha256:cbbd7b215ad4fc6f058b5dd4c26ee5c59f72e031dfda3ac183d7968a99e4ca3a"},
    {file = "simplejson-3.20.1-cp313-cp313-win32.whl", hash = "sha256:ae81e482476eaa088ef9d0120ae5345de924f23962c0c1e20abbdff597631f87"},
    {file = "simplejson-3.20.1-cp313-cp313-win_amd64.whl", hash = "sha256:1b9fd15853b90aec3b1739f4471efbf1ac05066a2c7041bf8db821bb73cd2ddc"},
    {file = "simplejson-3.20.1-cp36-cp36m-macosx_10_9_x86_64.whl", hash = "sha256:c7edf279c1376f28bf41e916c015a2a08896597869d57d621f55b6a30c7e1e6d"},
    {file = "simplejson-3.20.1-cp36-cp36m-manylinux_2_17_aarch64.manylinux2014_aarch64.whl", hash = "sha256:d9202b9de38f12e99a40addd1a8d508a13c77f46d87ab1f9095f154667f4fe81"},
    {file = "simplejson-3.20.1-cp36-cp36m-manylinux_2_17_ppc64le.manylinux2014_ppc64le.whl", hash = "sha256:391345b4157cc4e120027e013bd35c45e2c191e2bf48b8913af488cdc3b9243c"},
    {file = "simplejson-3.20.1-cp36-cp36m-manylinux_2_5_i686.manylinux1_i686.manylinux_2_17_i686.manylinux2014_i686.whl", hash = "sha256:c6fdcc9debb711ddd2ad6d69f9386a3d9e8e253234bbb30513e0a7caa9510c51"},
    {file = "simplejson-3.20.1-cp36-cp36m-manylinux_2_5_x86_64.manylinux1_x86_64.manylinux_2_17_x86_64.manylinux2014_x86_64.whl", hash = "sha256:9daf8cdc7ee8a9e9f7a3b313ba0a003391857e90d0e82fbcd4d614aa05cb7c3b"},
    {file = "simplejson-3.20.1-cp36-cp36m-musllinux_1_2_aarch64.whl", hash = "sha256:c02f4868a3a46ffe284a51a88d134dc96feff6079a7115164885331a1ba8ed9f"},
    {file = "simplejson-3.20.1-cp36-cp36m-musllinux_1_2_i686.whl", hash = "sha256:3d7310172d5340febd258cb147f46aae30ad57c445f4d7e1ae8461c10aaf43b0"},
    {file = "simplejson-3.20.1-cp36-cp36m-musllinux_1_2_ppc64le.whl", hash = "sha256:4762e05577955312a4c6802f58dd02e040cc79ae59cda510aa1564d84449c102"},
    {file = "simplejson-3.20.1-cp36-cp36m-musllinux_1_2_x86_64.whl", hash = "sha256:8bb98fdf318c05aefd08a92583bd6ee148e93c6756fb1befb7b2d5f27824be78"},
    {file = "simplejson-3.20.1-cp36-cp36m-win32.whl", hash = "sha256:9a74e70818818981294b8e6956ce3496c5e1bd4726ac864fae473197671f7b85"},
    {file = "simplejson-3.20.1-cp36-cp36m-win_amd64.whl", hash = "sha256:e041add470e8f8535cc05509485eb7205729a84441f03b25cde80ad48823792e"},
    {file = "simplejson-3.20.1-cp37-cp37m-macosx_10_9_x86_64.whl", hash = "sha256:7e9d73f46119240e4f4f07868241749d67d09873f40cb968d639aa9ccc488b86"},
    {file = "simplejson-3.20.1-cp37-cp37m-manylinux_2_17_aarch64.manylinux2014_aarch64.whl", hash = "sha256:ae6e637dc24f8fee332ed23dd070e81394138e42cd4fd9d0923e5045ba122e27"},
    {file = "simplejson-3.20.1-cp37-cp37m-manylinux_2_17_ppc64le.manylinux2014_ppc64le.whl", hash = "sha256:efd3bc6c6b17e3d4620eb6be5196f0d1c08b6ce7c3101fa8e292b79e0908944b"},
    {file = "simplejson-3.20.1-cp37-cp37m-manylinux_2_5_i686.manylinux1_i686.manylinux_2_17_i686.manylinux2014_i686.whl", hash = "sha256:87fc623d457173a0213bc9ca4e346b83c9d443f63ed5cca847fb0cacea3cfc95"},
    {file = "simplejson-3.20.1-cp37-cp37m-manylinux_2_5_x86_64.manylinux1_x86_64.manylinux_2_17_x86_64.manylinux2014_x86_64.whl", hash = "sha256:ec6a1e0a7aff76f0e008bebfa950188b9c50b58c1885d898145f48fc8e189a56"},
    {file = "simplejson-3.20.1-cp37-cp37m-musllinux_1_2_aarch64.whl", hash = "sha256:9c079606f461a6e950099167e21e13985147c8a24be8eea66c9ad68f73fad744"},
    {file = "simplejson-3.20.1-cp37-cp37m-musllinux_1_2_i686.whl", hash = "sha256:9faceb68fba27ef17eda306e4cd97a7b4b14fdadca5fbb15790ba8b26ebeec0c"},
    {file = "simplejson-3.20.1-cp37-cp37m-musllinux_1_2_ppc64le.whl", hash = "sha256:7ceed598e4bacbf5133fe7a418f7991bb2df0683f3ac11fbf9e36a2bc7aa4b85"},
    {file = "simplejson-3.20.1-cp37-cp37m-musllinux_1_2_x86_64.whl", hash = "sha256:ede69c765e9901861ad7c6139023b7b7d5807c48a2539d817b4ab40018002d5f"},
    {file = "simplejson-3.20.1-cp37-cp37m-win32.whl", hash = "sha256:d8853c269a4c5146ddca4aa7c70e631795e9d11239d5fedb1c6bbc91ffdebcac"},
    {file = "simplejson-3.20.1-cp37-cp37m-win_amd64.whl", hash = "sha256:ed6a17fd397f0e2b3ad668fc9e19253ed2e3875ad9086bd7f795c29a3223f4a1"},
    {file = "simplejson-3.20.1-cp38-cp38-macosx_10_9_universal2.whl", hash = "sha256:7551682b60bba3a9e2780742e101cf0a64250e76de7d09b1c4b0c8a7c7cc6834"},
    {file = "simplejson-3.20.1-cp38-cp38-macosx_10_9_x86_64.whl", hash = "sha256:bd9577ec1c8c3a43040e3787711e4c257c70035b7551a21854b5dec88dad09e1"},
    {file = "simplejson-3.20.1-cp38-cp38-macosx_11_0_arm64.whl", hash = "sha256:4a8e197e4cf6d42c2c57e7c52cd7c1e7b3e37c5911df1314fb393320131e2101"},
    {file = "simplejson-3.20.1-cp38-cp38-manylinux_2_17_aarch64.manylinux2014_aarch64.whl", hash = "sha256:6bd09c8c75666e7f62a33d2f1fb57f81da1fcbb19a9fe7d7910b5756e1dd6048"},
    {file = "simplejson-3.20.1-cp38-cp38-manylinux_2_17_ppc64le.manylinux2014_ppc64le.whl", hash = "sha256:1bd6bfe5678d73fbd5328eea6a35216503796428fc47f1237432522febaf3a0c"},
    {file = "simplejson-3.20.1-cp38-cp38-manylinux_2_5_i686.manylinux1_i686.manylinux_2_17_i686.manylinux2014_i686.whl", hash = "sha256:71b75d448fd0ceb2e7c90e72bb82c41f8462550d48529980bc0bab1d2495bfbb"},
    {file = "simplejson-3.20.1-cp38-cp38-manylinux_2_5_x86_64.manylinux1_x86_64.manylinux_2_17_x86_64.manylinux2014_x86_64.whl", hash = "sha256:a7e15b716d09f318c8cda3e20f82fae81684ce3d3acd1d7770fa3007df1769de"},
    {file = "simplejson-3.20.1-cp38-cp38-musllinux_1_2_aarch64.whl", hash = "sha256:3e7963197d958fcf9e98b212b80977d56c022384621ff463d98afc3b6b1ce7e8"},
    {file = "simplejson-3.20.1-cp38-cp38-musllinux_1_2_i686.whl", hash = "sha256:2e671dd62051129185d3a9a92c60101f56cbc174854a1a3dfb69114ebd9e1699"},
    {file = "simplejson-3.20.1-cp38-cp38-musllinux_1_2_ppc64le.whl", hash = "sha256:e25b2a0c396f3b84fb89573d07b0e1846ed563eb364f2ea8230ca92b8a8cb786"},
    {file = "simplejson-3.20.1-cp38-cp38-musllinux_1_2_x86_64.whl", hash = "sha256:489c3a43116082bad56795215786313832ba3991cca1f55838e52a553f451ab6"},
    {file = "simplejson-3.20.1-cp38-cp38-win32.whl", hash = "sha256:4a92e948bad8df7fa900ba2ba0667a98303f3db206cbaac574935c332838208e"},
    {file = "simplejson-3.20.1-cp38-cp38-win_amd64.whl", hash = "sha256:49d059b8363327eee3c94799dd96782314b2dbd7bcc293b4ad48db69d6f4d362"},
    {file = "simplejson-3.20.1-cp39-cp39-macosx_10_9_universal2.whl", hash = "sha256:a8011f1dd1d676befcd4d675ebdbfdbbefd3bf350052b956ba8c699fca7d8cef"},
    {file = "simplejson-3.20.1-cp39-cp39-macosx_10_9_x86_64.whl", hash = "sha256:e91703a4c5fec53e36875ae426ad785f4120bd1d93b65bed4752eeccd1789e0c"},
    {file = "simplejson-3.20.1-cp39-cp39-macosx_11_0_arm64.whl", hash = "sha256:e39eaa57c7757daa25bcd21f976c46be443b73dd6c3da47fe5ce7b7048ccefe2"},
    {file = "simplejson-3.20.1-cp39-cp39-manylinux_2_17_aarch64.manylinux2014_aarch64.whl", hash = "sha256:ceab2ce2acdc7fbaa433a93006758db6ba9a659e80c4faa13b80b9d2318e9b17"},
    {file = "simplejson-3.20.1-cp39-cp39-manylinux_2_17_ppc64le.manylinux2014_ppc64le.whl", hash = "sha256:6d4f320c33277a5b715db5bf5b10dae10c19076bd6d66c2843e04bd12d1f1ea5"},
    {file = "simplejson-3.20.1-cp39-cp39-manylinux_2_5_i686.manylinux1_i686.manylinux_2_17_i686.manylinux2014_i686.whl", hash = "sha256:2b6436c48e64378fa844d8c9e58a5ed0352bbcfd4028369a9b46679b7ab79d2d"},
    {file = "simplejson-3.20.1-cp39-cp39-manylinux_2_5_x86_64.manylinux1_x86_64.manylinux_2_17_x86_64.manylinux2014_x86_64.whl", hash = "sha256:6e18345c8dda5d699be8166b61f9d80aaee4545b709f1363f60813dc032dac53"},
    {file = "simplejson-3.20.1-cp39-cp39-musllinux_1_2_aarch64.whl", hash = "sha256:90b573693d1526bed576f6817e2a492eaaef68f088b57d7a9e83d122bbb49e51"},
    {file = "simplejson-3.20.1-cp39-cp39-musllinux_1_2_i686.whl", hash = "sha256:272cc767826e924a6bd369ea3dbf18e166ded29059c7a4d64d21a9a22424b5b5"},
    {file = "simplejson-3.20.1-cp39-cp39-musllinux_1_2_ppc64le.whl", hash = "sha256:51b41f284d603c4380732d7d619f8b34bd04bc4aa0ed0ed5f4ffd0539b14da44"},
    {file = "simplejson-3.20.1-cp39-cp39-musllinux_1_2_x86_64.whl", hash = "sha256:6e6697a3067d281f01de0fe96fc7cba4ea870d96d7deb7bfcf85186d74456503"},
    {file = "simplejson-3.20.1-cp39-cp39-win32.whl", hash = "sha256:6dd3a1d5aca87bf947f3339b0f8e8e329f1badf548bdbff37fac63c17936da8e"},
    {file = "simplejson-3.20.1-cp39-cp39-win_amd64.whl", hash = "sha256:463f1fca8fbf23d088e5850fdd0dd4d5faea8900a9f9680270bd98fd649814ca"},
    {file = "simplejson-3.20.1-py3-none-any.whl", hash = "sha256:8a6c1bbac39fa4a79f83cbf1df6ccd8ff7069582a9fd8db1e52cea073bc2c697"},
    {file = "simplejson-3.20.1.tar.gz", hash = "sha256:e64139b4ec4f1f24c142ff7dcafe55a22b811a74d86d66560c8815687143037d"},
]

[package.source]
type = "legacy"
url = "https://pypi.tuna.tsinghua.edu.cn/simple"
reference = "tsinghua"

[[package]]
name = "typing-extensions"
version = "4.12.2"
description = "Backported and Experimental Type Hints for Python 3.8+"
optional = false
python-versions = ">=3.8"
groups = ["main", "dev"]
files = [
    {file = "typing_extensions-4.12.2-py3-none-any.whl", hash = "sha256:04e5ca0351e0f3f85c6853954072df659d0d13fac324d0072316b67d7794700d"},
    {file = "typing_extensions-4.12.2.tar.gz", hash = "sha256:1a7ead55c7e559dd4dee8856e3a88b41225abfe1ce8df57b7c13915fe121ffb8"},
]

[package.source]
type = "legacy"
url = "https://pypi.tuna.tsinghua.edu.cn/simple"
reference = "tsinghua"

[[package]]
name = "wcwidth"
version = "0.2.13"
description = "Measures the displayed width of unicode strings in a terminal"
optional = false
python-versions = "*"
groups = ["dev"]
files = [
    {file = "wcwidth-0.2.13-py2.py3-none-any.whl", hash = "sha256:3da69048e4540d84af32131829ff948f1e022c1c6bdb8d6102117aac784f6859"},
    {file = "wcwidth-0.2.13.tar.gz", hash = "sha256:72ea0c06399eb286d978fdedb6923a9eb47e1c486ce63e9b4e64fc18303972b5"},
]

[package.source]
type = "legacy"
url = "https://pypi.tuna.tsinghua.edu.cn/simple"
reference = "tsinghua"

[metadata]
lock-version = "2.1"
python-versions = "^3.12"
content-hash = "6163014ebd4bb4793662e417099d2e2c5543652b75a305b0a38c11f3f68a5c32"
